world:
- KEYCRATE:-15:69:33:DrePvP
- KEYCRATE:-15:69:36:SimplyTrash
- KEYCRATE:-15:69:24:Dylan
- KEYCRATE:8:69:39:Silver
- KEYCRATE:12:69:39:Items
- KEYCRATE:15:69:36:Perk
- KEYCRATE:18:69:33:Seasonal
- KEYCRATE:18:69:29:Gold
- KEYCRATE:17:69:25:Token
- KEYCRATE:-165:68:1175:Items
- KEYCRATE:6:70:13:Airdrop
- KEYCRATE:419:72:1524:Silver
- KEYCRATE:417:72:1524:Gold
- KEYCRATE:415:72:1524:Items
- KEYCRATE:413:72:1524:Seasonal
- KEYCRATE:411:72:1524:Token
- KEYCRATE:409:72:1524:Perk
- KEYCRATE:407:72:1524:Dylan
- KEYCRATE:405:72:1524:Headed
- KEYCRATE:403:72:1524:iMakeMcVids
- KEYCRATE:401:72:1524:DrePvP
- KEYCRATE:399:72:1524:SimplyTrash
- KEYCRATE:-28:4:1262:Perk
- KEYCRATE:-28:4:1264:Items
- KEYCRATE:-28:4:1266:Seasonal
- KEYCRATE:-28:4:1268:iMakeMcVids
- KEYCRATE:-28:4:1272:SimplyTrash
- KEYCRATE:-28:4:1274:DrePvP
- KEYCRATE:-28:4:1260:SamHCF
- KEYCRATE:-28:4:1258:Lectors
- KEYCRATE:-28:4:1256:QnA
- KEYCRATE:-14:70:18:Airdrop
- KEYCRATE:22:69:53:Perk
- KEYCRATE:22:69:57:Items
- KEYCRATE:22:69:45:Gold
- KEYCRATE:22:69:61:Silver
- KEYCRATE:22:69:49:Seasonal
- KEYCRATE:8:69:26:SimplyTrash
- KEYCRATE:8:69:29:Dylan
- KEYCRATE:8:69:35:DrePvP
- KEYCRATE:8:69:38:Headed
- KEYCRATE:13:69:62:Token
- KEYCRATE:117:67:2092:Silver
- KEYCRATE:115:67:2092:Gold
- KEYCRATE:113:67:2092:Items
- KEYCRATE:111:67:2092:Seasonal
- KEYCRATE:109:67:2092:Perk
- KEYCRATE:107:67:2092:Headed
- KEYCRATE:105:67:2092:Dylan
- KEYCRATE:103:67:2092:DrePvP
- KEYCRATE:101:67:2092:iMakeMcVids
- KEYCRATE:99:67:2092:SimplyTrash
- KEYCRATE:263:65:1156:iMakeMcVids
- KEYCRATE:260:65:1156:SimplyTrash
- KEYCRATE:260:65:1158:Dylan
- KEYCRATE:263:65:1158:Dylan
- KEYCRATE:263:65:1160:Headed
- KEYCRATE:-37:94:38:Gold
- KEYCRATE:-29:94:38:Seasonal
- KEYCRATE:-33:94:38:Items
- KEYCRATE:-29:94:29:Perk
- KEYCRATE:-32:92:6:SimplyTrash
- KEYCRATE:-28:92:6:Headed
- KEYCRATE:-24:92:6:iMakeMcVids
- KEYCRATE:-20:92:6:Dylan
- KEYCRATE:-16:92:6:DrePvP
- KEYCRATE:-25:94:38:Silver
- KEYCRATE:-58:69:1039:Silver
- KEYCRATE:-58:69:1037:Gold
- KEYCRATE:-58:69:1035:Token
- KEYCRATE:-58:69:1033:Items
- KEYCRATE:-58:69:1031:Seasonal
- KEYCRATE:-58:69:1029:Perk
- KEYCRATE:-58:69:1027:iMakeMcVids
- KEYCRATE:-58:69:1025:DrePvP
- KEYCRATE:-58:69:1023:Dylan
- KEYCRATE:-58:69:1021:SimplyTrash
- KEYCRATE:-58:69:1019:Headed
- KEYCRATE:-21:94:38:Token
- KEYCRATE:-174:159:6:Partner
- KEYCRATE:-65:68:1346:SOTW
- KEYCRATE:-65:68:1344:Seasonal
- KEYCRATE:-65:68:1342:Perk
- KEYCRATE:-65:68:1340:iMakeMcVids
- KEYCRATE:-65:68:1338:NotRamix
- KEYCRATE:239:66:1129:Resucting
- KEYCRATE:236:66:1129:Seasonal
Spawn:
- KEYCRATE:24:71:25:SOTW
- KEYCRATE:-27:71:6:iMakeMcVids
- KEYCRATE:-9:107:0:SOTW
- KEYCRATE:-7:108:31:Airdrop
- KEYCRATE:-1:108:31:Partner
- KEYCRATE:-9:108:31:Lootbox
- KEYCRATE:-5:108:31:Seasonal
- KEYCRATE:4:108:22:Legendary
- KEYCRATE:24:71:25:Rare
- KEYCRATE:20:71:29:Legendary
- KEYCRATE:23:71:28:Cave
- KEYCRATE:-8:71:28:Seasonal
- KEYCRATE:8:71:28:Lootbox
- KEYCRATE:4:71:28:Airdrop
- KEYCRATE:-4:71:28:Perk
- KEYCRATE:-21:71:0:Partner
- KEYCRATE:-27:71:-6:Headed
